
Microsoft Visual Studio Solution File, Format Version 12.00
# Visual Studio 15
VisualStudioVersion = 15.0.27703.2026
MinimumVisualStudioVersion = 10.0.40219.1
Project("{FAE04EC0-301F-11D3-BF4B-00C04F79EFBC}") = "TTBoardReader", "TTBoardReader\TTBoardReader.csproj", "{1FC362FD-E652-4C4D-BF51-FC48B4DA6245}"
EndProject
Project("{FAE04EC0-301F-11D3-BF4B-00C04F79EFBC}") = "TTImageProcessor", "TTImageProcessor\TTImageProcessor.csproj", "{2D32B20C-A2D3-4F44-8159-4FBCB139A93C}"
EndProject
Global
	GlobalSection(SolutionConfigurationPlatforms) = preSolution
		Debug|Any CPU = Debug|Any CPU
		Release|Any CPU = Release|Any CPU
	EndGlobalSection
	GlobalSection(ProjectConfigurationPlatforms) = postSolution
		{1FC362FD-E652-4C4D-BF51-FC48B4DA6245}.Debug|Any CPU.ActiveCfg = Debug|Any CPU
		{1FC362FD-E652-4C4D-BF51-FC48B4DA6245}.Debug|Any CPU.Build.0 = Debug|Any CPU
		{1FC362FD-E652-4C4D-BF51-FC48B4DA6245}.Release|Any CPU.ActiveCfg = Release|Any CPU
		{1FC362FD-E652-4C4D-BF51-FC48B4DA6245}.Release|Any CPU.Build.0 = Release|Any CPU
		{2D32B20C-A2D3-4F44-8159-4FBCB139A93C}.Debug|Any CPU.ActiveCfg = Debug|Any CPU
		{2D32B20C-A2D3-4F44-8159-4FBCB139A93C}.Debug|Any CPU.Build.0 = Debug|Any CPU
		{2D32B20C-A2D3-4F44-8159-4FBCB139A93C}.Release|Any CPU.ActiveCfg = Release|Any CPU
		{2D32B20C-A2D3-4F44-8159-4FBCB139A93C}.Release|Any CPU.Build.0 = Release|Any CPU
	EndGlobalSection
	GlobalSection(SolutionProperties) = preSolution
		HideSolutionNode = FALSE
	EndGlobalSection
	GlobalSection(ExtensibilityGlobals) = postSolution
		SolutionGuid = {42611405-81A2-463E-9F6F-7EFAEDAFFC56}
	EndGlobalSection
EndGlobal
